
Microsoft Visual Studio Solution File, Format Version 12.00
# Visual Studio Version 16
VisualStudioVersion = 16.0.30225.117
MinimumVisualStudioVersion = 10.0.40219.1
Project("{FAE04EC0-301F-11D3-BF4B-00C04F79EFBC}") = "Calculator", "Calculator.csproj", "{CE705AF0-577D-4887-BEEB-5786F9CE30C6}"
EndProject
Global
	GlobalSection(SolutionConfigurationPlatforms) = preSolution
		Debug|Any CPU = Debug|Any CPU
		Release|Any CPU = Release|Any CPU
	EndGlobalSection
	GlobalSection(ProjectConfigurationPlatforms) = postSolution
		{CE705AF0-577D-4887-BEEB-5786F9CE30C6}.Debug|Any CPU.ActiveCfg = Debug|Any CPU
		{CE705AF0-577D-4887-BEEB-5786F9CE30C6}.Debug|Any CPU.Build.0 = Debug|Any CPU
		{CE705AF0-577D-4887-BEEB-5786F9CE30C6}.Release|Any CPU.ActiveCfg = Release|Any CPU
		{CE705AF0-577D-4887-BEEB-5786F9CE30C6}.Release|Any CPU.Build.0 = Release|Any CPU
	EndGlobalSection
	GlobalSection(SolutionProperties) = preSolution
		HideSolutionNode = FALSE
	EndGlobalSection
	GlobalSection(ExtensibilityGlobals) = postSolution
		SolutionGuid = {EEF295EB-C371-4892-894C-86DA3DDC89C2}
	EndGlobalSection
EndGlobal
