
Microsoft Visual Studio Solution File, Format Version 12.00
# Visual Studio Version 16
VisualStudioVersion = 16.0.30320.27
MinimumVisualStudioVersion = 10.0.40219.1
Project("{FAE04EC0-301F-11D3-BF4B-00C04F79EFBC}") = "Github Recent Explorer Test", "Github Recent Explorer Test\Github Recent Explorer Test.csproj", "{4FD5EB3E-C724-44EB-A7EC-A596814B9A76}"
EndProject
Global
	GlobalSection(SolutionConfigurationPlatforms) = preSolution
		Debug|Any CPU = Debug|Any CPU
		Release|Any CPU = Release|Any CPU
	EndGlobalSection
	GlobalSection(ProjectConfigurationPlatforms) = postSolution
		{4FD5EB3E-C724-44EB-A7EC-A596814B9A76}.Debug|Any CPU.ActiveCfg = Debug|Any CPU
		{4FD5EB3E-C724-44EB-A7EC-A596814B9A76}.Debug|Any CPU.Build.0 = Debug|Any CPU
		{4FD5EB3E-C724-44EB-A7EC-A596814B9A76}.Release|Any CPU.ActiveCfg = Release|Any CPU
		{4FD5EB3E-C724-44EB-A7EC-A596814B9A76}.Release|Any CPU.Build.0 = Release|Any CPU
	EndGlobalSection
	GlobalSection(SolutionProperties) = preSolution
		HideSolutionNode = FALSE
	EndGlobalSection
	GlobalSection(ExtensibilityGlobals) = postSolution
		SolutionGuid = {4275A2DE-6E8A-42E4-B6D5-4902C8500426}
	EndGlobalSection
EndGlobal
