
Microsoft Visual Studio Solution File, Format Version 12.00
# Visual Studio Version 16
VisualStudioVersion = 16.0.30413.136
MinimumVisualStudioVersion = 10.0.40219.1
Project("{FAE04EC0-301F-11D3-BF4B-00C04F79EFBC}") = "GitHubExplorer", "GitHubExplorer\GitHubExplorer.csproj", "{1B45DA94-83CE-4C8A-9396-DA446CFB5F13}"
EndProject
Global
	GlobalSection(SolutionConfigurationPlatforms) = preSolution
		Debug|Any CPU = Debug|Any CPU
		Release|Any CPU = Release|Any CPU
	EndGlobalSection
	GlobalSection(ProjectConfigurationPlatforms) = postSolution
		{1B45DA94-83CE-4C8A-9396-DA446CFB5F13}.Debug|Any CPU.ActiveCfg = Debug|Any CPU
		{1B45DA94-83CE-4C8A-9396-DA446CFB5F13}.Debug|Any CPU.Build.0 = Debug|Any CPU
		{1B45DA94-83CE-4C8A-9396-DA446CFB5F13}.Release|Any CPU.ActiveCfg = Release|Any CPU
		{1B45DA94-83CE-4C8A-9396-DA446CFB5F13}.Release|Any CPU.Build.0 = Release|Any CPU
	EndGlobalSection
	GlobalSection(SolutionProperties) = preSolution
		HideSolutionNode = FALSE
	EndGlobalSection
	GlobalSection(ExtensibilityGlobals) = postSolution
		SolutionGuid = {E519BCB6-D541-4CF6-B419-FDDD22AB7872}
	EndGlobalSection
EndGlobal
